{
  "version": 4,
  "terraform_version": "1.3.6",
  "serial": 6,
  "lineage": "bbe733e4-38aa-51b7-deb3-c9560c9ad980",
  "outputs": {
    "rgname": {
      "value": "/subscriptions/0d812496-59dd-4a98-a1cc-1c5a1d056a9b/resourceGroups/KotagiAzureResourceGroup",
      "type": "string"
    }
  },
  "resources": [
    {
      "mode": "managed",
      "type": "azurerm_resource_group",
      "name": "AzKotagiresource",
      "provider": "provider[\"registry.terraform.io/hashicorp/azurerm\"]",
      "instances": [
        {
          "schema_version": 0,
          "attributes": {
            "id": "/subscriptions/0d812496-59dd-4a98-a1cc-1c5a1d056a9b/resourceGroups/KotagiAzureResourceGroup",
            "location": "southindia",
            "name": "KotagiAzureResourceGroup",
            "tags": null,
            "timeouts": null
          },
          "sensitive_attributes": [],
          "private": "eyJlMmJmYjczMC1lY2FhLTExZTYtOGY4OC0zNDM2M2JjN2M0YzAiOnsiY3JlYXRlIjo1NDAwMDAwMDAwMDAwLCJkZWxldGUiOjU0MDAwMDAwMDAwMDAsInJlYWQiOjMwMDAwMDAwMDAwMCwidXBkYXRlIjo1NDAwMDAwMDAwMDAwfX0="
        }
      ]
    }
  ],
  "check_results": null
}
